
Microsoft Visual Studio Solution File, Format Version 12.00
# Visual Studio 15
VisualStudioVersion = 15.0.28307.271
MinimumVisualStudioVersion = 10.0.40219.1
Project("{888888A0-9F3D-457C-B088-3A5042F75D52}") = "daft", "daft\daft.pyproj", "{4AB59E16-1668-4ADA-852D-949AF0D22355}"
EndProject
Global
	GlobalSection(SolutionConfigurationPlatforms) = preSolution
		Debug|Any CPU = Debug|Any CPU
		Release|Any CPU = Release|Any CPU
	EndGlobalSection
	GlobalSection(ProjectConfigurationPlatforms) = postSolution
		{4AB59E16-1668-4ADA-852D-949AF0D22355}.Debug|Any CPU.ActiveCfg = Debug|Any CPU
		{4AB59E16-1668-4ADA-852D-949AF0D22355}.Debug|Any CPU.Build.0 = Debug|Any CPU
		{4AB59E16-1668-4ADA-852D-949AF0D22355}.Release|Any CPU.ActiveCfg = Release|Any CPU
		{4AB59E16-1668-4ADA-852D-949AF0D22355}.Release|Any CPU.Build.0 = Release|Any CPU
	EndGlobalSection
	GlobalSection(SolutionProperties) = preSolution
		HideSolutionNode = FALSE
	EndGlobalSection
	GlobalSection(ExtensibilityGlobals) = postSolution
		SolutionGuid = {CB93BEA9-4D9B-4CAE-AA11-E43A674387FF}
	EndGlobalSection
EndGlobal
